// !$*UTF8*$!
{
	archiveVersion = 1;
	classes = {
	};
	objectVersion = 50;
	objects = {

/* Begin PBXBuildFile section */
		C79C0FFC23CE5D5500FF62FB /* AppDelegate.swift in Sources */ = {isa = PBXBuildFile; fileRef = C79C0FFB23CE5D5500FF62FB /* AppDelegate.swift */; };
		C79C0FFE23CE5D5500FF62FB /* SceneDelegate.swift in Sources */ = {isa = PBXBuildFile; fileRef = C79C0FFD23CE5D5500FF62FB /* SceneDelegate.swift */; };
		C79C100023CE5D5500FF62FB /* ViewController.swift in Sources */ = {isa = PBXBuildFile; fileRef = C79C0FFF23CE5D5500FF62FB /* ViewController.swift */; };
		C79C100323CE5D5500FF62FB /* Main.storyboard in Resources */ = {isa = PBXBuildFile; fileRef = C79C100123CE5D5500FF62FB /* Main.storyboard */; };
		C79C100523CE5D5600FF62FB /* Assets.xcassets in Resources */ = {isa = PBXBuildFile; fileRef = C79C100423CE5D5600FF62FB /* Assets.xcassets */; };
		C79C100823CE5D5600FF62FB /* LaunchScreen.storyboard in Resources */ = {isa = PBXBuildFile; fileRef = C79C100623CE5D5600FF62FB /* LaunchScreen.storyboard */; };
		C79C101323CE5D5600FF62FB /* testTests.swift in Sources */ = {isa = PBXBuildFile; fileRef = C79C101223CE5D5600FF62FB /* testTests.swift */; };
/* End PBXBuildFile section */

/* Begin PBXContainerItemProxy section */
		C79C100F23CE5D5600FF62FB /* PBXContainerItemProxy */ = {
			isa = PBXContainerItemProxy;
			containerPortal = C79C0FF023CE5D5500FF62FB /* Project object */;
			proxyType = 1;
			remoteGlobalIDString = C79C0FF723CE5D5500FF62FB;
			remoteInfo = test;
		};
/* End PBXContainerItemProxy section */

/* Begin PBXFileReference section */
		C79C0FF823CE5D5500FF62FB /* test.app */ = {isa = PBXFileReference; explicitFileType = wrapper.application; includeInIndex = 0; path = test.app; sourceTree = BUILT_PRODUCTS_DIR; };
		C79C0FFB23CE5D5500FF62FB /* AppDelegate.swift */ = {isa = PBXFileReference; lastKnownFileType = sourcecode.swift; path = AppDelegate.swift; sourceTree = "<group>"; };
		C79C0FFD23CE5D5500FF62FB /* SceneDelegate.swift */ = {isa = PBXFileReference; lastKnownFileType = sourcecode.swift; path = SceneDelegate.swift; sourceTree = "<group>"; };
		C79C0FFF23CE5D5500FF62FB /* ViewController.swift */ = {isa = PBXFileReference; lastKnownFileType = sourcecode.swift; path = ViewController.swift; sourceTree = "<group>"; };
		C79C100223CE5D5500FF62FB /* Base */ = {isa = PBXFileReference; lastKnownFileType = file.storyboard; name = Base; path = Base.lproj/Main.storyboard; sourceTree = "<group>"; };
		C79C100423CE5D5600FF62FB /* Assets.xcassets */ = {isa = PBXFileReference; lastKnownFileType = folder.assetcatalog; path = Assets.xcassets; sourceTree = "<group>"; };
		C79C100723CE5D5600FF62FB /* Base */ = {isa = PBXFileReference; lastKnownFileType = file.storyboard; name = Base; path = Base.lproj/LaunchScreen.storyboard; sourceTree = "<group>"; };
		C79C100923CE5D5600FF62FB /* Info.plist */ = {isa = PBXFileReference; lastKnownFileType = text.plist.xml; path = Info.plist; sourceTree = "<group>"; };
		C79C100E23CE5D5600FF62FB /* testTests.xctest */ = {isa = PBXFileReference; explicitFileType = wrapper.cfbundle; includeInIndex = 0; path = testTests.xctest; sourceTree = BUILT_PRODUCTS_DIR; };
		C79C101223CE5D5600FF62FB /* testTests.swift */ = {isa = PBXFileReference; lastKnownFileType = sourcecode.swift; path = testTests.swift; sourceTree = "<group>"; };
		C79C101423CE5D5600FF62FB /* Info.plist */ = {isa = PBXFileReference; lastKnownFileType = text.plist.xml; path = Info.plist; sourceTree = "<group>"; };
/* End PBXFileReference section */

/* Begin PBXFrameworksBuildPhase section */
		C79C0FF523CE5D5500FF62FB /* Frameworks */ = {
			isa = PBXFrameworksBuildPhase;
			buildActionMask = 2147483647;
			files = (
			);
			runOnlyForDeploymentPostprocessing = 0;
		};
		C79C100B23CE5D5600FF62FB /* Frameworks */ = {
			isa = PBXFrameworksBuildPhase;
			buildActionMask = 2147483647;
			files = (
			);
			runOnlyForDeploymentPostprocessing = 0;
		};
/* End PBXFrameworksBuildPhase section */

/* Begin PBXGroup section */
		C79C0FEF23CE5D5500FF62FB = {
			isa = PBXGroup;
			children = (
				C79C0FFA23CE5D5500FF62FB /* test */,
				C79C101123CE5D5600FF62FB /* testTests */,
				C79C0FF923CE5D5500FF62FB /* Products */,
			);
			sourceTree = "<group>";
		};
		C79C0FF923CE5D5500FF62FB /* Products */ = {
			isa = PBXGroup;
			children = (
				C79C0FF823CE5D5500FF62FB /* test.app */,
				C79C100E23CE5D5600FF62FB /* testTests.xctest */,
			);
			name = Products;
			sourceTree = "<group>";
		};
		C79C0FFA23CE5D5500FF62FB /* test */ = {
			isa = PBXGroup;
			children = (
				C79C0FFB23CE5D5500FF62FB /* AppDelegate.swift */,
				C79C0FFD23CE5D5500FF62FB /* SceneDelegate.swift */,
				C79C0FFF23CE5D5500FF62FB /* ViewController.swift */,
				C79C100123CE5D5500FF62FB /* Main.storyboard */,
				C79C100423CE5D5600FF62FB /* Assets.xcassets */,
				C79C100623CE5D5600FF62FB /* LaunchScreen.storyboard */,
				C79C100923CE5D5600FF62FB /* Info.plist */,
			);
			path = test;
			sourceTree = "<group>";
		};
		C79C101123CE5D5600FF62FB /* testTests */ = {
			isa = PBXGroup;
			children = (
				C79C101223CE5D5600FF62FB /* testTests.swift */,
				C79C101423CE5D5600FF62FB /* Info.plist */,
			);
			path = testTests;
			sourceTree = "<group>";
		};
/* End PBXGroup section */

/* Begin PBXNativeTarget section */
		C79C0FF723CE5D5500FF62FB /* test */ = {
			isa = PBXNativeTarget;
			buildConfigurationList = C79C101723CE5D5600FF62FB /* Build configuration list for PBXNativeTarget "test" */;
			buildPhases = (
				C79C0FF423CE5D5500FF62FB /* Sources */,
				C79C0FF523CE5D5500FF62FB /* Frameworks */,
				C79C0FF623CE5D5500FF62FB /* Resources */,
			);
			buildRules = (
			);
			dependencies = (
			);
			name = test;
			productName = test;
			productReference = C79C0FF823CE5D5500FF62FB /* test.app */;
			productType = "com.apple.product-type.application";
		};
		C79C100D23CE5D5600FF62FB /* testTests */ = {
			isa = PBXNativeTarget;
			buildConfigurationList = C79C101A23CE5D5600FF62FB /* Build configuration list for PBXNativeTarget "testTests" */;
			buildPhases = (
				C79C100A23CE5D5600FF62FB /* Sources */,
				C79C100B23CE5D5600FF62FB /* Frameworks */,
				C79C100C23CE5D5600FF62FB /* Resources */,
			);
			buildRules = (
			);
			dependencies = (
				C79C101023CE5D5600FF62FB /* PBXTargetDependency */,
			);
			name = testTests;
			productName = testTests;
			productReference = C79C100E23CE5D5600FF62FB /* testTests.xctest */;
			productType = "com.apple.product-type.bundle.unit-test";
		};
/* End PBXNativeTarget section */

/* Begin PBXProject section */
		C79C0FF023CE5D5500FF62FB /* Project object */ = {
			isa = PBXProject;
			attributes = {
				LastSwiftUpdateCheck = 1130;
				LastUpgradeCheck = 1130;
				ORGANIZATIONNAME = ReeseCrowell;
				TargetAttributes = {
					C79C0FF723CE5D5500FF62FB = {
						CreatedOnToolsVersion = 11.3.1;
					};
					C79C100D23CE5D5600FF62FB = {
						CreatedOnToolsVersion = 11.3.1;
						TestTargetID = C79C0FF723CE5D5500FF62FB;
					};
				};
			};
			buildConfigurationList = C79C0FF323CE5D5500FF62FB /* Build configuration list for PBXProject "test" */;
			compatibilityVersion = "Xcode 9.3";
			developmentRegion = en;
			hasScannedForEncodings = 0;
			knownRegions = (
				en,
				Base,
			);
			mainGroup = C79C0FEF23CE5D5500FF62FB;
			productRefGroup = C79C0FF923CE5D5500FF62FB /* Products */;
			projectDirPath = "";
			projectRoot = "";
			targets = (
				C79C0FF723CE5D5500FF62FB /* test */,
				C79C100D23CE5D5600FF62FB /* testTests */,
			);
		};
/* End PBXProject section */

/* Begin PBXResourcesBuildPhase section */
		C79C0FF623CE5D5500FF62FB /* Resources */ = {
			isa = PBXResourcesBuildPhase;
			buildActionMask = 2147483647;
			files = (
				C79C100823CE5D5600FF62FB /* LaunchScreen.storyboard in Resources */,
				C79C100523CE5D5600FF62FB /* Assets.xcassets in Resources */,
				C79C100323CE5D5500FF62FB /* Main.storyboard in Resources */,
			);
			runOnlyForDeploymentPostprocessing = 0;
		};
		C79C100C23CE5D5600FF62FB /* Resources */ = {
			isa = PBXResourcesBuildPhase;
			buildActionMask = 2147483647;
			files = (
			);
			runOnlyForDeploymentPostprocessing = 0;
		};
/* End PBXResourcesBuildPhase section */

/* Begin PBXSourcesBuildPhase section */
		C79C0FF423CE5D5500FF62FB /* Sources */ = {
			isa = PBXSourcesBuildPhase;
			buildActionMask = 2147483647;
			files = (
				C79C100023CE5D5500FF62FB /* ViewController.swift in Sources */,
				C79C0FFC23CE5D5500FF62FB /* AppDelegate.swift in Sources */,
				C79C0FFE23CE5D5500FF62FB /* SceneDelegate.swift in Sources */,
			);
			runOnlyForDeploymentPostprocessing = 0;
		};
		C79C100A23CE5D5600FF62FB /* Sources */ = {
			isa = PBXSourcesBuildPhase;
			buildActionMask = 2147483647;
			files = (
				C79C101323CE5D5600FF62FB /* testTests.swift in Sources */,
			);
			runOnlyForDeploymentPostprocessing = 0;
		};
/* End PBXSourcesBuildPhase section */

/* Begin PBXTargetDependency section */
		C79C101023CE5D5600FF62FB /* PBXTargetDependency */ = {
			isa = PBXTargetDependency;
			target = C79C0FF723CE5D5500FF62FB /* test */;
			targetProxy = C79C100F23CE5D5600FF62FB /* PBXContainerItemProxy */;
		};
/* End PBXTargetDependency section */

/* Begin PBXVariantGroup section */
		C79C100123CE5D5500FF62FB /* Main.storyboard */ = {
			isa = PBXVariantGroup;
			children = (
				C79C100223CE5D5500FF62FB /* Base */,
			);
			name = Main.storyboard;
			sourceTree = "<group>";
		};
		C79C100623CE5D5600FF62FB /* LaunchScreen.storyboard */ = {
			isa = PBXVariantGroup;
			children = (
				C79C100723CE5D5600FF62FB /* Base */,
			);
			name = LaunchScreen.storyboard;
			sourceTree = "<group>";
		};
/* End PBXVariantGroup section */

/* Begin XCBuildConfiguration section */
		C79C101523CE5D5600FF62FB /* Debug */ = {
			isa = XCBuildConfiguration;
			buildSettings = {
				ALWAYS_SEARCH_USER_PATHS = NO;
				CLANG_ANALYZER_NONNULL = YES;
				CLANG_ANALYZER_NUMBER_OBJECT_CONVERSION = YES_AGGRESSIVE;
				CLANG_CXX_LANGUAGE_STANDARD = "gnu++14";
				CLANG_CXX_LIBRARY = "libc++";
				CLANG_ENABLE_MODULES = YES;
				CLANG_ENABLE_OBJC_ARC = YES;
				CLANG_ENABLE_OBJC_WEAK = YES;
				CLANG_WARN_BLOCK_CAPTURE_AUTORELEASING = YES;
				CLANG_WARN_BOOL_CONVERSION = YES;
				CLANG_WARN_COMMA = YES;
				CLANG_WARN_CONSTANT_CONVERSION = YES;
				CLANG_WARN_DEPRECATED_OBJC_IMPLEMENTATIONS = YES;
				CLANG_WARN_DIRECT_OBJC_ISA_USAGE = YES_ERROR;
				CLANG_WARN_DOCUMENTATION_COMMENTS = YES;
				CLANG_WARN_EMPTY_BODY = YES;
				CLANG_WARN_ENUM_CONVERSION = YES;
				CLANG_WARN_INFINITE_RECURSION = YES;
				CLANG_WARN_INT_CONVERSION = YES;
				CLANG_WARN_NON_LITERAL_NULL_CONVERSION = YES;
				CLANG_WARN_OBJC_IMPLICIT_RETAIN_SELF = YES;
				CLANG_WARN_OBJC_LITERAL_CONVERSION = YES;
				CLANG_WARN_OBJC_ROOT_CLASS = YES_ERROR;
				CLANG_WARN_RANGE_LOOP_ANALYSIS = YES;
				CLANG_WARN_STRICT_PROTOTYPES = YES;
				CLANG_WARN_SUSPICIOUS_MOVE = YES;
				CLANG_WARN_UNGUARDED_AVAILABILITY = YES_AGGRESSIVE;
				CLANG_WARN_UNREACHABLE_CODE = YES;
				CLANG_WARN__DUPLICATE_METHOD_MATCH = YES;
				COPY_PHASE_STRIP = NO;
				DEBUG_INFORMATION_FORMAT = dwarf;
				ENABLE_STRICT_OBJC_MSGSEND = YES;
				ENABLE_TESTABILITY = YES;
				GCC_C_LANGUAGE_STANDARD = gnu11;
				GCC_DYNAMIC_NO_PIC = NO;
				GCC_NO_COMMON_BLOCKS = YES;
				GCC_OPTIMIZATION_LEVEL = 0;
				GCC_PREPROCESSOR_DEFINITIONS = (
					"DEBUG=1",
					"$(inherited)",
				);
				GCC_WARN_64_TO_32_BIT_CONVERSION = YES;
				GCC_WARN_ABOUT_RETURN_TYPE = YES_ERROR;
				GCC_WARN_UNDECLARED_SELECTOR = YES;
				GCC_WARN_UNINITIALIZED_AUTOS = YES_AGGRESSIVE;
				GCC_WARN_UNUSED_FUNCTION = YES;
				GCC_WARN_UNUSED_VARIABLE = YES;
				IPHONEOS_DEPLOYMENT_TARGET = 13.2;
				MTL_ENABLE_DEBUG_INFO = INCLUDE_SOURCE;
				MTL_FAST_MATH = YES;
				ONLY_ACTIVE_ARCH = YES;
				SDKROOT = iphoneos;
				SWIFT_ACTIVE_COMPILATION_CONDITIONS = DEBUG;
				SWIFT_OPTIMIZATION_LEVEL = "-Onone";
			};
			name = Debug;
		};
		C79C101623CE5D5600FF62FB /* Release */ = {
			isa = XCBuildConfiguration;
			buildSettings = {
				ALWAYS_SEARCH_USER_PATHS = NO;
				CLANG_ANALYZER_NONNULL = YES;
				CLANG_ANALYZER_NUMBER_OBJECT_CONVERSION = YES_AGGRESSIVE;
				CLANG_CXX_LANGUAGE_STANDARD = "gnu++14";
				CLANG_CXX_LIBRARY = "libc++";
				CLANG_ENABLE_MODULES = YES;
				CLANG_ENABLE_OBJC_ARC = YES;
				CLANG_ENABLE_OBJC_WEAK = YES;
				CLANG_WARN_BLOCK_CAPTURE_AUTORELEASING = YES;
				CLANG_WARN_BOOL_CONVERSION = YES;
				CLANG_WARN_COMMA = YES;
				CLANG_WARN_CONSTANT_CONVERSION = YES;
				CLANG_WARN_DEPRECATED_OBJC_IMPLEMENTATIONS = YES;
				CLANG_WARN_DIRECT_OBJC_ISA_USAGE = YES_ERROR;
				CLANG_WARN_DOCUMENTATION_COMMENTS = YES;
				CLANG_WARN_EMPTY_BODY = YES;
				CLANG_WARN_ENUM_CONVERSION = YES;
				CLANG_WARN_INFINITE_RECURSION = YES;
				CLANG_WARN_INT_CONVERSION = YES;
				CLANG_WARN_NON_LITERAL_NULL_CONVERSION = YES;
				CLANG_WARN_OBJC_IMPLICIT_RETAIN_SELF = YES;
				CLANG_WARN_OBJC_LITERAL_CONVERSION = YES;
				CLANG_WARN_OBJC_ROOT_CLASS = YES_ERROR;
				CLANG_WARN_RANGE_LOOP_ANALYSIS = YES;
				CLANG_WARN_STRICT_PROTOTYPES = YES;
				CLANG_WARN_SUSPICIOUS_MOVE = YES;
				CLANG_WARN_UNGUARDED_AVAILABILITY = YES_AGGRESSIVE;
				CLANG_WARN_UNREACHABLE_CODE = YES;
				CLANG_WARN__DUPLICATE_METHOD_MATCH = YES;
				COPY_PHASE_STRIP = NO;
				DEBUG_INFORMATION_FORMAT = "dwarf-with-dsym";
				ENABLE_NS_ASSERTIONS = NO;
				ENABLE_STRICT_OBJC_MSGSEND = YES;
				GCC_C_LANGUAGE_STANDARD = gnu11;
				GCC_NO_COMMON_BLOCKS = YES;
				GCC_WARN_64_TO_32_BIT_CONVERSION = YES;
				GCC_WARN_ABOUT_RETURN_TYPE = YES_ERROR;
				GCC_WARN_UNDECLARED_SELECTOR = YES;
				GCC_WARN_UNINITIALIZED_AUTOS = YES_AGGRESSIVE;
				GCC_WARN_UNUSED_FUNCTION = YES;
				GCC_WARN_UNUSED_VARIABLE = YES;
				IPHONEOS_DEPLOYMENT_TARGET = 13.2;
				MTL_ENABLE_DEBUG_INFO = NO;
				MTL_FAST_MATH = YES;
				SDKROOT = iphoneos;
				SWIFT_COMPILATION_MODE = wholemodule;
				SWIFT_OPTIMIZATION_LEVEL = "-O";
				VALIDATE_PRODUCT = YES;
			};
			name = Release;
		};
		C79C101823CE5D5600FF62FB /* Debug */ = {
			isa = XCBuildConfiguration;
			buildSettings = {
				ASSETCATALOG_COMPILER_APPICON_NAME = AppIcon;
				CODE_SIGN_STYLE = Automatic;
				INFOPLIST_FILE = test/Info.plist;
				LD_RUNPATH_SEARCH_PATHS = (
					"$(inherited)",
					"@executable_path/Frameworks",
				);
				PRODUCT_BUNDLE_IDENTIFIER = com.rc.test;
				PRODUCT_NAME = "$(TARGET_NAME)";
				SWIFT_VERSION = 5.0;
				TARGETED_DEVICE_FAMILY = "1,2";
			};
			name = Debug;
		};
		C79C101923CE5D5600FF62FB /* Release */ = {
			isa = XCBuildConfiguration;
			buildSettings = {
				ASSETCATALOG_COMPILER_APPICON_NAME = AppIcon;
				CODE_SIGN_STYLE = Automatic;
				INFOPLIST_FILE = test/Info.plist;
				LD_RUNPATH_SEARCH_PATHS = (
					"$(inherited)",
					"@executable_path/Frameworks",
				);
				PRODUCT_BUNDLE_IDENTIFIER = com.rc.test;
				PRODUCT_NAME = "$(TARGET_NAME)";
				SWIFT_VERSION = 5.0;
				TARGETED_DEVICE_FAMILY = "1,2";
			};
			name = Release;
		};
		C79C101B23CE5D5600FF62FB /* Debug */ = {
			isa = XCBuildConfiguration;
			buildSettings = {
				ALWAYS_EMBED_SWIFT_STANDARD_LIBRARIES = YES;
				BUNDLE_LOADER = "$(TEST_HOST)";
				CODE_SIGN_STYLE = Automatic;
				INFOPLIST_FILE = testTests/Info.plist;
				IPHONEOS_DEPLOYMENT_TARGET = 13.2;
				LD_RUNPATH_SEARCH_PATHS = (
					"$(inherited)",
					"@executable_path/Frameworks",
					"@loader_path/Frameworks",
				);
				PRODUCT_BUNDLE_IDENTIFIER = com.rc.testTests;
				PRODUCT_NAME = "$(TARGET_NAME)";
				SWIFT_VERSION = 5.0;
				TARGETED_DEVICE_FAMILY = "1,2";
				TEST_HOST = "$(BUILT_PRODUCTS_DIR)/test.app/test";
			};
			name = Debug;
		};
		C79C101C23CE5D5600FF62FB /* Release */ = {
			isa = XCBuildConfiguration;
			buildSettings = {
				ALWAYS_EMBED_SWIFT_STANDARD_LIBRARIES = YES;
				BUNDLE_LOADER = "$(TEST_HOST)";
				CODE_SIGN_STYLE = Automatic;
				INFOPLIST_FILE = testTests/Info.plist;
				IPHONEOS_DEPLOYMENT_TARGET = 13.2;
				LD_RUNPATH_SEARCH_PATHS = (
					"$(inherited)",
					"@executable_path/Frameworks",
					"@loader_path/Frameworks",
				);
				PRODUCT_BUNDLE_IDENTIFIER = com.rc.testTests;
				PRODUCT_NAME = "$(TARGET_NAME)";
				SWIFT_VERSION = 5.0;
				TARGETED_DEVICE_FAMILY = "1,2";
				TEST_HOST = "$(BUILT_PRODUCTS_DIR)/test.app/test";
			};
			name = Release;
		};
/* End XCBuildConfiguration section */

/* Begin XCConfigurationList section */
		C79C0FF323CE5D5500FF62FB /* Build configuration list for PBXProject "test" */ = {
			isa = XCConfigurationList;
			buildConfigurations = (
				C79C101523CE5D5600FF62FB /* Debug */,
				C79C101623CE5D5600FF62FB /* Release */,
			);
			defaultConfigurationIsVisible = 0;
			defaultConfigurationName = Release;
		};
		C79C101723CE5D5600FF62FB /* Build configuration list for PBXNativeTarget "test" */ = {
			isa = XCConfigurationList;
			buildConfigurations = (
				C79C101823CE5D5600FF62FB /* Debug */,
				C79C101923CE5D5600FF62FB /* Release */,
			);
			defaultConfigurationIsVisible = 0;
			defaultConfigurationName = Release;
		};
		C79C101A23CE5D5600FF62FB /* Build configuration list for PBXNativeTarget "testTests" */ = {
			isa = XCConfigurationList;
			buildConfigurations = (
				C79C101B23CE5D5600FF62FB /* Debug */,
				C79C101C23CE5D5600FF62FB /* Release */,
			);
			defaultConfigurationIsVisible = 0;
			defaultConfigurationName = Release;
		};
/* End XCConfigurationList section */
	};
	rootObject = C79C0FF023CE5D5500FF62FB /* Project object */;
}
